#MicroXplorer Configuration settings - do not modify
ADC1.Channel-4\#ChannelRegularConversion=ADC_CHANNEL_11
ADC1.ContinuousConvMode=ENABLE
ADC1.DataAlign=ADC_DATAALIGN_RIGHT
ADC1.DiscontinuousConvMode=DISABLE
ADC1.EnableAnalogWatchDog=false
ADC1.EnableRegularConversion=ENABLE
ADC1.ExternalTrigConv=ADC_EXTERNALTRIGCONV_T3_TRGO
ADC1.IPParameters=Rank-4\#ChannelRegularConversion,Channel-4\#ChannelRegularConversion,SamplingTime-4\#ChannelRegularConversion,NbrOfConversionFlag,DataAlign,ScanConvMode,ContinuousConvMode,DiscontinuousConvMode,EnableRegularConversion,NbrOfConversion,ExternalTrigConv,InjNumberOfConversion,EnableAnalogWatchDog,master
ADC1.InjNumberOfConversion=0
ADC1.NbrOfConversion=1
ADC1.NbrOfConversionFlag=1
ADC1.Rank-4\#ChannelRegularConversion=1
ADC1.SamplingTime-4\#ChannelRegularConversion=ADC_SAMPLETIME_7CYCLES_5
ADC1.ScanConvMode=ADC_SCAN_DISABLE
ADC1.master=1
DAC.DAC_OutputBuffer=DAC_OUTPUTBUFFER_ENABLE
DAC.DAC_Trigger=DAC_TRIGGER_T2_TRGO
DAC.IPParameters=DAC_OutputBuffer,DAC_Trigger,WaveGeneration
DAC.WaveGeneration=DISABLE
Dma.ADC1.0.Direction=DMA_PERIPH_TO_MEMORY
Dma.ADC1.0.Instance=DMA1_Channel1
Dma.ADC1.0.MemDataAlignment=DMA_MDATAALIGN_HALFWORD
Dma.ADC1.0.MemInc=DMA_MINC_ENABLE
Dma.ADC1.0.Mode=DMA_NORMAL
Dma.ADC1.0.PeriphDataAlignment=DMA_PDATAALIGN_HALFWORD
Dma.ADC1.0.PeriphInc=DMA_PINC_DISABLE
Dma.ADC1.0.Priority=DMA_PRIORITY_VERY_HIGH
Dma.ADC1.0.RequestParameters=Instance,Direction,PeriphInc,MemInc,PeriphDataAlignment,MemDataAlignment,Mode,Priority
Dma.DAC_CH1.1.Direction=DMA_MEMORY_TO_PERIPH
Dma.DAC_CH1.1.Instance=DMA2_Channel3
Dma.DAC_CH1.1.MemDataAlignment=DMA_MDATAALIGN_HALFWORD
Dma.DAC_CH1.1.MemInc=DMA_MINC_ENABLE
Dma.DAC_CH1.1.Mode=DMA_NORMAL
Dma.DAC_CH1.1.PeriphDataAlignment=DMA_PDATAALIGN_HALFWORD
Dma.DAC_CH1.1.PeriphInc=DMA_PINC_DISABLE
Dma.DAC_CH1.1.Priority=DMA_PRIORITY_VERY_HIGH
Dma.DAC_CH1.1.RequestParameters=Instance,Direction,PeriphInc,MemInc,PeriphDataAlignment,MemDataAlignment,Mode,Priority
Dma.Request0=ADC1
Dma.Request1=DAC_CH1
Dma.Request2=SDIO
Dma.RequestsNb=3
Dma.SDIO.2.Direction=DMA_PERIPH_TO_MEMORY
Dma.SDIO.2.Instance=DMA2_Channel4
Dma.SDIO.2.MemDataAlignment=DMA_MDATAALIGN_WORD
Dma.SDIO.2.MemInc=DMA_MINC_ENABLE
Dma.SDIO.2.Mode=DMA_NORMAL
Dma.SDIO.2.PeriphDataAlignment=DMA_PDATAALIGN_WORD
Dma.SDIO.2.PeriphInc=DMA_PINC_DISABLE
Dma.SDIO.2.Priority=DMA_PRIORITY_HIGH
Dma.SDIO.2.RequestParameters=Instance,Direction,PeriphInc,MemInc,PeriphDataAlignment,MemDataAlignment,Mode,Priority
FATFS.IPParameters=_CODE_PAGE,_USE_LFN,_FS_RPATH,_FS_NORTC,_NORTC_YEAR,_NORTC_MON,_NORTC_MDAY
FATFS._CODE_PAGE=936
FATFS._FS_NORTC=1
FATFS._FS_RPATH=1
FATFS._NORTC_MDAY=16
FATFS._NORTC_MON=8
FATFS._NORTC_YEAR=2018
FATFS._USE_LFN=2
File.Version=6
KeepUserPlacement=false
Mcu.Family=STM32F1
Mcu.IP0=ADC1
Mcu.IP1=DAC
Mcu.IP10=TIM3
Mcu.IP2=DMA
Mcu.IP3=FATFS
Mcu.IP4=NVIC
Mcu.IP5=RCC
Mcu.IP6=SDIO
Mcu.IP7=SYS
Mcu.IP8=TIM1
Mcu.IP9=TIM2
Mcu.IPNb=11
Mcu.Name=STM32F103R(C-D-E)Tx
Mcu.Package=LQFP64
Mcu.Pin0=PC14-OSC32_IN
Mcu.Pin1=PC15-OSC32_OUT
Mcu.Pin10=PC10
Mcu.Pin11=PC11
Mcu.Pin12=PC12
Mcu.Pin13=PD2
Mcu.Pin14=VP_FATFS_VS_SDIO
Mcu.Pin15=VP_SYS_VS_Systick
Mcu.Pin16=VP_TIM1_VS_ClockSourceINT
Mcu.Pin17=VP_TIM2_VS_ClockSourceINT
Mcu.Pin18=VP_TIM3_VS_ClockSourceINT
Mcu.Pin2=PD0-OSC_IN
Mcu.Pin3=PD1-OSC_OUT
Mcu.Pin4=PC1
Mcu.Pin5=PA4
Mcu.Pin6=PC8
Mcu.Pin7=PC9
Mcu.Pin8=PA13
Mcu.Pin9=PA14
Mcu.PinsNb=19
Mcu.ThirdPartyNb=0
Mcu.UserConstants=
Mcu.UserName=STM32F103RETx
MxCube.Version=4.26.1
MxDb.Version=DB.4.0.261
NVIC.BusFault_IRQn=true\:0\:0\:false\:false\:true\:false
NVIC.DMA1_Channel1_IRQn=true\:0\:0\:false\:false\:true\:false
NVIC.DMA2_Channel3_IRQn=true\:0\:0\:false\:false\:true\:false
NVIC.DMA2_Channel4_5_IRQn=true\:0\:0\:false\:false\:true\:false
NVIC.DebugMonitor_IRQn=true\:0\:0\:false\:false\:true\:false
NVIC.HardFault_IRQn=true\:0\:0\:false\:false\:true\:false
NVIC.MemoryManagement_IRQn=true\:0\:0\:false\:false\:true\:false
NVIC.NonMaskableInt_IRQn=true\:0\:0\:false\:false\:true\:false
NVIC.PendSV_IRQn=true\:0\:0\:false\:false\:true\:false
NVIC.PriorityGroup=NVIC_PRIORITYGROUP_4
NVIC.SDIO_IRQn=true\:0\:0\:false\:false\:true\:true
NVIC.SVCall_IRQn=true\:0\:0\:false\:false\:true\:false
NVIC.SysTick_IRQn=true\:0\:0\:false\:false\:true\:false
NVIC.TIM1_BRK_IRQn=true\:0\:0\:false\:false\:true\:true
NVIC.TIM1_UP_IRQn=true\:0\:0\:false\:false\:true\:true
NVIC.UsageFault_IRQn=true\:0\:0\:false\:false\:true\:false
PA13.Mode=Serial_Wire
PA13.Signal=SYS_JTMS-SWDIO
PA14.Mode=Serial_Wire
PA14.Signal=SYS_JTCK-SWCLK
PA4.Signal=COMP_DAC1_group
PC1.Signal=ADCx_IN11
PC10.Mode=SD_4_bits_Wide_bus
PC10.Signal=SDIO_D2
PC11.Mode=SD_4_bits_Wide_bus
PC11.Signal=SDIO_D3
PC12.Mode=SD_4_bits_Wide_bus
PC12.Signal=SDIO_CK
PC14-OSC32_IN.Locked=true
PC14-OSC32_IN.Signal=RCC_OSC32_IN
PC15-OSC32_OUT.Locked=true
PC15-OSC32_OUT.Signal=RCC_OSC32_OUT
PC8.Mode=SD_4_bits_Wide_bus
PC8.Signal=SDIO_D0
PC9.Mode=SD_4_bits_Wide_bus
PC9.Signal=SDIO_D1
PCC.Checker=false
PCC.Line=STM32F103
PCC.MCU=STM32F103R(C-D-E)Tx
PCC.PartNumber=STM32F103RETx
PCC.Seq0=0
PCC.Series=STM32F1
PCC.Temperature=25
PCC.Vdd=3.3
PD0-OSC_IN.Locked=true
PD0-OSC_IN.Mode=HSE-External-Oscillator
PD0-OSC_IN.Signal=RCC_OSC_IN
PD1-OSC_OUT.Locked=true
PD1-OSC_OUT.Mode=HSE-External-Oscillator
PD1-OSC_OUT.Signal=RCC_OSC_OUT
PD2.Mode=SD_4_bits_Wide_bus
PD2.Signal=SDIO_CMD
PinOutPanel.RotationAngle=0
ProjectManager.AskForMigrate=true
ProjectManager.BackupPrevious=false
ProjectManager.CompilerOptimize=6
ProjectManager.ComputerToolchain=false
ProjectManager.CoupleFile=false
ProjectManager.CustomerFirmwarePackage=
ProjectManager.DefaultFWLocation=true
ProjectManager.DeletePrevious=true
ProjectManager.DeviceId=STM32F103RETx
ProjectManager.FirmwarePackage=STM32Cube FW_F1 V1.6.1
ProjectManager.FreePins=false
ProjectManager.HalAssertFull=false
ProjectManager.HeapSize=0x800
ProjectManager.KeepUserCode=true
ProjectManager.LastFirmware=true
ProjectManager.LibraryCopy=0
ProjectManager.MainLocation=Src
ProjectManager.PreviousToolchain=
ProjectManager.ProjectBuild=false
ProjectManager.ProjectFileName=sn.ioc
ProjectManager.ProjectName=sn
ProjectManager.StackSize=0x1000
ProjectManager.TargetToolchain=EWARM
ProjectManager.ToolChainLocation=
ProjectManager.UnderRoot=false
ProjectManager.functionlistsort=1-MX_GPIO_Init-GPIO-false-HAL-true,2-MX_DMA_Init-DMA-false-HAL-true,3-SystemClock_Config-RCC-false-HAL-false,4-MX_FATFS_Init-FATFS-false-HAL-true,5-MX_ADC1_Init-ADC1-false-HAL-true,6-MX_DAC_Init-DAC-false-HAL-true,7-MX_TIM1_Init-TIM1-false-HAL-true,8-MX_SDIO_SD_Init-SDIO-false-HAL-true,9-MX_TIM2_Init-TIM2-false-HAL-true,10-MX_TIM3_Init-TIM3-false-HAL-true
RCC.ADCFreqValue=12000000
RCC.ADCPresc=RCC_ADCPCLK2_DIV6
RCC.AHBFreq_Value=72000000
RCC.APB1CLKDivider=RCC_HCLK_DIV2
RCC.APB1Freq_Value=36000000
RCC.APB1TimFreq_Value=72000000
RCC.APB2Freq_Value=72000000
RCC.APB2TimFreq_Value=72000000
RCC.FCLKCortexFreq_Value=72000000
RCC.FamilyName=M
RCC.HCLKFreq_Value=72000000
RCC.I2S2Freq_Value=72000000
RCC.I2S3Freq_Value=72000000
RCC.IPParameters=ADCFreqValue,ADCPresc,AHBFreq_Value,APB1CLKDivider,APB1Freq_Value,APB1TimFreq_Value,APB2Freq_Value,APB2TimFreq_Value,FCLKCortexFreq_Value,FamilyName,HCLKFreq_Value,I2S2Freq_Value,I2S3Freq_Value,MCOFreq_Value,PLLCLKFreq_Value,PLLMCOFreq_Value,PLLMUL,PLLSourceVirtual,SDIOFreq_Value,SDIOHCLKDiv2FreqValue,SYSCLKFreq_VALUE,SYSCLKSource,TimSysFreq_Value,USBFreq_Value,VCOOutput2Freq_Value
RCC.MCOFreq_Value=72000000
RCC.PLLCLKFreq_Value=72000000
RCC.PLLMCOFreq_Value=36000000
RCC.PLLMUL=RCC_PLL_MUL9
RCC.PLLSourceVirtual=RCC_PLLSOURCE_HSE
RCC.SDIOFreq_Value=72000000
RCC.SDIOHCLKDiv2FreqValue=36000000
RCC.SYSCLKFreq_VALUE=72000000
RCC.SYSCLKSource=RCC_SYSCLKSOURCE_PLLCLK
RCC.TimSysFreq_Value=72000000
RCC.USBFreq_Value=72000000
RCC.VCOOutput2Freq_Value=8000000
SDIO.ClockDiv=2
SDIO.IPParameters=ClockDiv
SH.ADCx_IN11.0=ADC1_IN11,IN11
SH.ADCx_IN11.ConfNb=1
SH.COMP_DAC1_group.0=DAC_OUT1,DAC_OUT1
SH.COMP_DAC1_group.ConfNb=1
TIM1.AutoReloadPreload=TIM_AUTORELOAD_PRELOAD_ENABLE
TIM1.IPParameters=Period,AutoReloadPreload,TIM_MasterSlaveMode,TIM_MasterOutputTrigger,Prescaler
TIM1.Period=10000-1
TIM1.Prescaler=72-1
TIM1.TIM_MasterOutputTrigger=TIM_TRGO_RESET
TIM1.TIM_MasterSlaveMode=TIM_MASTERSLAVEMODE_DISABLE
TIM2.AutoReloadPreload=TIM_AUTORELOAD_PRELOAD_ENABLE
TIM2.IPParameters=TIM_MasterOutputTrigger,Period,AutoReloadPreload
TIM2.Period=144-1
TIM2.TIM_MasterOutputTrigger=TIM_TRGO_UPDATE
TIM3.AutoReloadPreload=TIM_AUTORELOAD_PRELOAD_ENABLE
TIM3.IPParameters=Period,TIM_MasterOutputTrigger,AutoReloadPreload,Prescaler
TIM3.Period=144-1
TIM3.Prescaler=1
TIM3.TIM_MasterOutputTrigger=TIM_TRGO_UPDATE
VP_FATFS_VS_SDIO.Mode=SDIO
VP_FATFS_VS_SDIO.Signal=FATFS_VS_SDIO
VP_SYS_VS_Systick.Mode=SysTick
VP_SYS_VS_Systick.Signal=SYS_VS_Systick
VP_TIM1_VS_ClockSourceINT.Mode=Internal
VP_TIM1_VS_ClockSourceINT.Signal=TIM1_VS_ClockSourceINT
VP_TIM2_VS_ClockSourceINT.Mode=Internal
VP_TIM2_VS_ClockSourceINT.Signal=TIM2_VS_ClockSourceINT
VP_TIM3_VS_ClockSourceINT.Mode=Internal
VP_TIM3_VS_ClockSourceINT.Signal=TIM3_VS_ClockSourceINT
board=custom
